
Microsoft Visual Studio Solution File, Format Version 12.00
# Visual Studio Version 17
VisualStudioVersion = 17.7.34031.279
MinimumVisualStudioVersion = 10.0.40219.1
Project("{FAE04EC0-301F-11D3-BF4B-00C04F79EFBC}") = "H_1_c#", "H_1_c#\H_1_c#.csproj", "{7CA16E18-BE70-44F6-9EB3-59C61FF59348}"
EndProject
Global
	GlobalSection(SolutionConfigurationPlatforms) = preSolution
		Debug|Any CPU = Debug|Any CPU
		Release|Any CPU = Release|Any CPU
	EndGlobalSection
	GlobalSection(ProjectConfigurationPlatforms) = postSolution
		{7CA16E18-BE70-44F6-9EB3-59C61FF59348}.Debug|Any CPU.ActiveCfg = Debug|Any CPU
		{7CA16E18-BE70-44F6-9EB3-59C61FF59348}.Debug|Any CPU.Build.0 = Debug|Any CPU
		{7CA16E18-BE70-44F6-9EB3-59C61FF59348}.Release|Any CPU.ActiveCfg = Release|Any CPU
		{7CA16E18-BE70-44F6-9EB3-59C61FF59348}.Release|Any CPU.Build.0 = Release|Any CPU
	EndGlobalSection
	GlobalSection(SolutionProperties) = preSolution
		HideSolutionNode = FALSE
	EndGlobalSection
	GlobalSection(ExtensibilityGlobals) = postSolution
		SolutionGuid = {2E213207-BF97-4F08-A441-8233B173C132}
	EndGlobalSection
EndGlobal
